
Microsoft Visual Studio Solution File, Format Version 12.00
# Visual Studio 16
Project("{8BC9CEB8-8B4A-11D0-8D11-00A0C91BC942}") = "Sandbox", "Sandbox\Sandbox.vcxproj", "{F4C124E3-60A1-A37E-69B9-2E55D5170AE0}"
EndProject
Project("{8BC9CEB8-8B4A-11D0-8D11-00A0C91BC942}") = "GLFW", "Poly\libs\glfw\GLFW.vcxproj", "{154B857C-0182-860D-AA6E-6C109684020F}"
EndProject
Project("{8BC9CEB8-8B4A-11D0-8D11-00A0C91BC942}") = "Poly", "Poly\Poly.vcxproj", "{69D48A7C-550B-8C0D-FEF7-7110EA0D080F}"
EndProject
Project("{2150E333-8FDC-42A3-9474-1A3956D46DE8}") = "glslang", "glslang", "{94CFF34E-0090-6F85-C9CA-B802354AB461}"
EndProject
Project("{8BC9CEB8-8B4A-11D0-8D11-00A0C91BC942}") = "GenericCodeGen", "Poly\libs\glslang\glslang\GenericCodeGen.vcxproj", "{3759C392-2327-B798-0CBB-27BFF82793FD}"
EndProject
Project("{8BC9CEB8-8B4A-11D0-8D11-00A0C91BC942}") = "MachineIndependent", "Poly\libs\glslang\glslang\MachineIndependent.vcxproj", "{28E94381-14CD-04D7-7D2D-FF296930EF58}"
EndProject
Project("{8BC9CEB8-8B4A-11D0-8D11-00A0C91BC942}") = "OGLCompiler", "Poly\libs\glslang\OGLCompilersDLL\OGLCompiler.vcxproj", "{A2030903-0EB9-81F8-97AD-7BCF036278FC}"
EndProject
Project("{8BC9CEB8-8B4A-11D0-8D11-00A0C91BC942}") = "OSDependent", "Poly\libs\glslang\glslang\OSDependent\Windows\OSDependent.vcxproj", "{3E7B8C2A-AA30-0520-3325-FFF69FD9FB23}"
EndProject
Project("{8BC9CEB8-8B4A-11D0-8D11-00A0C91BC942}") = "SPIRV", "Poly\libs\glslang\SPIRV\SPIRV.vcxproj", "{B9110A0E-2526-32BF-EEA7-D51E5A7B2EF0}"
EndProject
Project("{8BC9CEB8-8B4A-11D0-8D11-00A0C91BC942}") = "glslang", "Poly\libs\glslang\glslang\glslang.vcxproj", "{0D19B900-79F8-379C-8210-C372EE6E9EFD}"
EndProject
Global
	GlobalSection(SolutionConfigurationPlatforms) = preSolution
		Debug|x64 = Debug|x64
		Release|x64 = Release|x64
	EndGlobalSection
	GlobalSection(ProjectConfigurationPlatforms) = postSolution
		{F4C124E3-60A1-A37E-69B9-2E55D5170AE0}.Debug|x64.ActiveCfg = Debug|x64
		{F4C124E3-60A1-A37E-69B9-2E55D5170AE0}.Debug|x64.Build.0 = Debug|x64
		{F4C124E3-60A1-A37E-69B9-2E55D5170AE0}.Release|x64.ActiveCfg = Release|x64
		{F4C124E3-60A1-A37E-69B9-2E55D5170AE0}.Release|x64.Build.0 = Release|x64
		{154B857C-0182-860D-AA6E-6C109684020F}.Debug|x64.ActiveCfg = Debug|x64
		{154B857C-0182-860D-AA6E-6C109684020F}.Debug|x64.Build.0 = Debug|x64
		{154B857C-0182-860D-AA6E-6C109684020F}.Release|x64.ActiveCfg = Release|x64
		{154B857C-0182-860D-AA6E-6C109684020F}.Release|x64.Build.0 = Release|x64
		{69D48A7C-550B-8C0D-FEF7-7110EA0D080F}.Debug|x64.ActiveCfg = Debug|x64
		{69D48A7C-550B-8C0D-FEF7-7110EA0D080F}.Debug|x64.Build.0 = Debug|x64
		{69D48A7C-550B-8C0D-FEF7-7110EA0D080F}.Release|x64.ActiveCfg = Release|x64
		{69D48A7C-550B-8C0D-FEF7-7110EA0D080F}.Release|x64.Build.0 = Release|x64
		{3759C392-2327-B798-0CBB-27BFF82793FD}.Debug|x64.ActiveCfg = Debug|x64
		{3759C392-2327-B798-0CBB-27BFF82793FD}.Debug|x64.Build.0 = Debug|x64
		{3759C392-2327-B798-0CBB-27BFF82793FD}.Release|x64.ActiveCfg = Release|x64
		{3759C392-2327-B798-0CBB-27BFF82793FD}.Release|x64.Build.0 = Release|x64
		{28E94381-14CD-04D7-7D2D-FF296930EF58}.Debug|x64.ActiveCfg = Debug|x64
		{28E94381-14CD-04D7-7D2D-FF296930EF58}.Debug|x64.Build.0 = Debug|x64
		{28E94381-14CD-04D7-7D2D-FF296930EF58}.Release|x64.ActiveCfg = Release|x64
		{28E94381-14CD-04D7-7D2D-FF296930EF58}.Release|x64.Build.0 = Release|x64
		{A2030903-0EB9-81F8-97AD-7BCF036278FC}.Debug|x64.ActiveCfg = Debug|x64
		{A2030903-0EB9-81F8-97AD-7BCF036278FC}.Debug|x64.Build.0 = Debug|x64
		{A2030903-0EB9-81F8-97AD-7BCF036278FC}.Release|x64.ActiveCfg = Release|x64
		{A2030903-0EB9-81F8-97AD-7BCF036278FC}.Release|x64.Build.0 = Release|x64
		{3E7B8C2A-AA30-0520-3325-FFF69FD9FB23}.Debug|x64.ActiveCfg = Debug|x64
		{3E7B8C2A-AA30-0520-3325-FFF69FD9FB23}.Debug|x64.Build.0 = Debug|x64
		{3E7B8C2A-AA30-0520-3325-FFF69FD9FB23}.Release|x64.ActiveCfg = Release|x64
		{3E7B8C2A-AA30-0520-3325-FFF69FD9FB23}.Release|x64.Build.0 = Release|x64
		{B9110A0E-2526-32BF-EEA7-D51E5A7B2EF0}.Debug|x64.ActiveCfg = Debug|x64
		{B9110A0E-2526-32BF-EEA7-D51E5A7B2EF0}.Debug|x64.Build.0 = Debug|x64
		{B9110A0E-2526-32BF-EEA7-D51E5A7B2EF0}.Release|x64.ActiveCfg = Release|x64
		{B9110A0E-2526-32BF-EEA7-D51E5A7B2EF0}.Release|x64.Build.0 = Release|x64
		{0D19B900-79F8-379C-8210-C372EE6E9EFD}.Debug|x64.ActiveCfg = Debug|x64
		{0D19B900-79F8-379C-8210-C372EE6E9EFD}.Debug|x64.Build.0 = Debug|x64
		{0D19B900-79F8-379C-8210-C372EE6E9EFD}.Release|x64.ActiveCfg = Release|x64
		{0D19B900-79F8-379C-8210-C372EE6E9EFD}.Release|x64.Build.0 = Release|x64
	EndGlobalSection
	GlobalSection(SolutionProperties) = preSolution
		HideSolutionNode = FALSE
	EndGlobalSection
	GlobalSection(NestedProjects) = preSolution
		{3759C392-2327-B798-0CBB-27BFF82793FD} = {94CFF34E-0090-6F85-C9CA-B802354AB461}
		{28E94381-14CD-04D7-7D2D-FF296930EF58} = {94CFF34E-0090-6F85-C9CA-B802354AB461}
		{A2030903-0EB9-81F8-97AD-7BCF036278FC} = {94CFF34E-0090-6F85-C9CA-B802354AB461}
		{3E7B8C2A-AA30-0520-3325-FFF69FD9FB23} = {94CFF34E-0090-6F85-C9CA-B802354AB461}
		{B9110A0E-2526-32BF-EEA7-D51E5A7B2EF0} = {94CFF34E-0090-6F85-C9CA-B802354AB461}
		{0D19B900-79F8-379C-8210-C372EE6E9EFD} = {94CFF34E-0090-6F85-C9CA-B802354AB461}
	EndGlobalSection
EndGlobal
