<?xml version="1.0" encoding="utf-8"?>
<Project ToolsVersion="4.0" xmlns="http://schemas.microsoft.com/developer/msbuild/2003">
  <ItemGroup>
    <Filter Include="Platform">
      <UniqueIdentifier>{2AC788B4-1694-E3BF-3FAD-D1672BD9184E}</UniqueIdentifier>
    </Filter>
    <Filter Include="Platform\Vulkan">
      <UniqueIdentifier>{6AE1DE2D-D66C-4CF2-DF7D-CFE64B88A8F2}</UniqueIdentifier>
    </Filter>
    <Filter Include="Poly">
      <UniqueIdentifier>{69D48A7C-550B-8C0D-FEF7-7110EA0D080F}</UniqueIdentifier>
    </Filter>
    <Filter Include="Poly\Core">
      <UniqueIdentifier>{6122D660-CD8C-8AD7-16CB-3B7D8274682C}</UniqueIdentifier>
    </Filter>
    <Filter Include="Poly\Events">
      <UniqueIdentifier>{2D500AF4-9905-83E9-22FA-7CC08EAE79ED}</UniqueIdentifier>
    </Filter>
  </ItemGroup>
  <ItemGroup>
    <ClInclude Include="src\Platform\Vulkan\PVKBuffer.h">
      <Filter>Platform\Vulkan</Filter>
    </ClInclude>
    <ClInclude Include="src\Platform\Vulkan\PVKCommandBuffer.h">
      <Filter>Platform\Vulkan</Filter>
    </ClInclude>
    <ClInclude Include="src\Platform\Vulkan\PVKCommandPool.h">
      <Filter>Platform\Vulkan</Filter>
    </ClInclude>
    <ClInclude Include="src\Platform\Vulkan\PVKDescriptor.h">
      <Filter>Platform\Vulkan</Filter>
    </ClInclude>
    <ClInclude Include="src\Platform\Vulkan\PVKFramebuffer.h">
      <Filter>Platform\Vulkan</Filter>
    </ClInclude>
    <ClInclude Include="src\Platform\Vulkan\PVKInstance.h">
      <Filter>Platform\Vulkan</Filter>
    </ClInclude>
    <ClInclude Include="src\Platform\Vulkan\PVKMemory.h">
      <Filter>Platform\Vulkan</Filter>
    </ClInclude>
    <ClInclude Include="src\Platform\Vulkan\PVKPipeline.h">
      <Filter>Platform\Vulkan</Filter>
    </ClInclude>
    <ClInclude Include="src\Platform\Vulkan\PVKQueue.h">
      <Filter>Platform\Vulkan</Filter>
    </ClInclude>
    <ClInclude Include="src\Platform\Vulkan\PVKRenderPass.h">
      <Filter>Platform\Vulkan</Filter>
    </ClInclude>
    <ClInclude Include="src\Platform\Vulkan\PVKShader.h">
      <Filter>Platform\Vulkan</Filter>
    </ClInclude>
    <ClInclude Include="src\Platform\Vulkan\PVKSwapChain.h">
      <Filter>Platform\Vulkan</Filter>
    </ClInclude>
    <ClInclude Include="src\Platform\Vulkan\PVKTypes.h">
      <Filter>Platform\Vulkan</Filter>
    </ClInclude>
    <ClInclude Include="src\Platform\Vulkan\VulkanCommon.h">
      <Filter>Platform\Vulkan</Filter>
    </ClInclude>
    <ClInclude Include="src\Platform\Vulkan\VulkanRenderer.h">
      <Filter>Platform\Vulkan</Filter>
    </ClInclude>
    <ClInclude Include="src\Poly.h" />
    <ClInclude Include="src\Poly\Core\Application.h">
      <Filter>Poly\Core</Filter>
    </ClInclude>
    <ClInclude Include="src\Poly\Core\EntryPoint.h">
      <Filter>Poly\Core</Filter>
    </ClInclude>
    <ClInclude Include="src\Poly\Core\Layer.h">
      <Filter>Poly\Core</Filter>
    </ClInclude>
    <ClInclude Include="src\Poly\Core\LayerStack.h">
      <Filter>Poly\Core</Filter>
    </ClInclude>
    <ClInclude Include="src\Poly\Core\Logger.h">
      <Filter>Poly\Core</Filter>
    </ClInclude>
    <ClInclude Include="src\Poly\Core\PolyUtils.h">
      <Filter>Poly\Core</Filter>
    </ClInclude>
    <ClInclude Include="src\Poly\Core\RendererAPI.h">
      <Filter>Poly\Core</Filter>
    </ClInclude>
    <ClInclude Include="src\Poly\Core\Window.h">
      <Filter>Poly\Core</Filter>
    </ClInclude>
    <ClInclude Include="src\Poly\Events\Event.h">
      <Filter>Poly\Events</Filter>
    </ClInclude>
    <ClInclude Include="src\Poly\Events\EventBus.h">
      <Filter>Poly\Events</Filter>
    </ClInclude>
    <ClInclude Include="src\Poly\Events\MemberFunctionHandler.h">
      <Filter>Poly\Events</Filter>
    </ClInclude>
    <ClInclude Include="src\polypch.h" />
    <ClInclude Include="src\Poly\Core\Camera.h" />
    <ClInclude Include="src\Poly\Core\Input.h" />
    <ClInclude Include="src\Platform\Common\IRenderer.h" />
    <ClInclude Include="src\Platform\Common\IPlatformRenderer.h" />
    <ClInclude Include="src\Platform\Vulkan\Renderers\TestRenderer.h" />
    <ClInclude Include="src\Platform\Vulkan\PVKTexture.h" />
    <ClInclude Include="src\Platform\Vulkan\PVKImage.h" />
    <ClInclude Include="src\Platform\Vulkan\PVKImageView.h" />
    <ClInclude Include="src\Poly\Renderer\Texture.h" />
    <ClInclude Include="src\Poly\Core\Core.h" />
  </ItemGroup>
  <ItemGroup>
    <ClCompile Include="src\Platform\Vulkan\PVKBuffer.cpp">
      <Filter>Platform\Vulkan</Filter>
    </ClCompile>
    <ClCompile Include="src\Platform\Vulkan\PVKCommandBuffer.cpp">
      <Filter>Platform\Vulkan</Filter>
    </ClCompile>
    <ClCompile Include="src\Platform\Vulkan\PVKCommandPool.cpp">
      <Filter>Platform\Vulkan</Filter>
    </ClCompile>
    <ClCompile Include="src\Platform\Vulkan\PVKDescriptor.cpp">
      <Filter>Platform\Vulkan</Filter>
    </ClCompile>
    <ClCompile Include="src\Platform\Vulkan\PVKFramebuffer.cpp">
      <Filter>Platform\Vulkan</Filter>
    </ClCompile>
    <ClCompile Include="src\Platform\Vulkan\PVKInstance.cpp">
      <Filter>Platform\Vulkan</Filter>
    </ClCompile>
    <ClCompile Include="src\Platform\Vulkan\PVKMemory.cpp">
      <Filter>Platform\Vulkan</Filter>
    </ClCompile>
    <ClCompile Include="src\Platform\Vulkan\PVKPipeline.cpp">
      <Filter>Platform\Vulkan</Filter>
    </ClCompile>
    <ClCompile Include="src\Platform\Vulkan\PVKRenderPass.cpp">
      <Filter>Platform\Vulkan</Filter>
    </ClCompile>
    <ClCompile Include="src\Platform\Vulkan\PVKShader.cpp">
      <Filter>Platform\Vulkan</Filter>
    </ClCompile>
    <ClCompile Include="src\Platform\Vulkan\PVKSwapChain.cpp">
      <Filter>Platform\Vulkan</Filter>
    </ClCompile>
    <ClCompile Include="src\Platform\Vulkan\VulkanRenderer.cpp">
      <Filter>Platform\Vulkan</Filter>
    </ClCompile>
    <ClCompile Include="src\Poly\Core\Application.cpp">
      <Filter>Poly\Core</Filter>
    </ClCompile>
    <ClCompile Include="src\Poly\Core\LayerStack.cpp">
      <Filter>Poly\Core</Filter>
    </ClCompile>
    <ClCompile Include="src\Poly\Core\Logger.cpp">
      <Filter>Poly\Core</Filter>
    </ClCompile>
    <ClCompile Include="src\Poly\Core\RendererAPI.cpp">
      <Filter>Poly\Core</Filter>
    </ClCompile>
    <ClCompile Include="src\Poly\Core\Window.cpp">
      <Filter>Poly\Core</Filter>
    </ClCompile>
    <ClCompile Include="src\polypch.cpp" />
    <ClCompile Include="src\Poly\Core\Input.cpp" />
    <ClCompile Include="src\Poly\Core\Camera.cpp" />
    <ClCompile Include="src\Platform\Vulkan\Renderers\TestRenderer.cpp" />
    <ClCompile Include="src\Platform\Vulkan\PVKImageView.cpp" />
    <ClCompile Include="src\Platform\Vulkan\PVKImage.cpp" />
    <ClCompile Include="src\Platform\Vulkan\PVKTexture.cpp" />
    <ClCompile Include="src\Poly\Renderer\Texture.cpp" />
  </ItemGroup>
</Project>