<?xml version="1.0" encoding="utf-8"?>
<Project ToolsVersion="4.0" xmlns="http://schemas.microsoft.com/developer/msbuild/2003">
  <ItemGroup>
    <Filter Include="Platform">
      <UniqueIdentifier>{2AC788B4-1694-E3BF-3FAD-D1672BD9184E}</UniqueIdentifier>
    </Filter>
    <Filter Include="Platform\Common">
      <UniqueIdentifier>{22E12001-8E6C-8EC5-977D-11BA0388EAC5}</UniqueIdentifier>
    </Filter>
    <Filter Include="Platform\Vulkan">
      <UniqueIdentifier>{6AE1DE2D-D66C-4CF2-DF7D-CFE64B88A8F2}</UniqueIdentifier>
    </Filter>
    <Filter Include="Platform\Vulkan\Renderers">
      <UniqueIdentifier>{C3E60297-2FA9-3621-7859-C5ADE45A0FFF}</UniqueIdentifier>
    </Filter>
    <Filter Include="Poly">
      <UniqueIdentifier>{69D48A7C-550B-8C0D-FEF7-7110EA0D080F}</UniqueIdentifier>
    </Filter>
    <Filter Include="Poly\Core">
      <UniqueIdentifier>{6122D660-CD8C-8AD7-16CB-3B7D8274682C}</UniqueIdentifier>
    </Filter>
    <Filter Include="Poly\Events">
      <UniqueIdentifier>{2D500AF4-9905-83E9-22FA-7CC08EAE79ED}</UniqueIdentifier>
    </Filter>
    <Filter Include="Poly\Rendering">
      <UniqueIdentifier>{F6F41DF2-E2C2-11F8-CB56-821EB7C3ED5C}</UniqueIdentifier>
    </Filter>
    <Filter Include="Poly\Rendering\Core">
      <UniqueIdentifier>{0EA34438-7A04-2246-0372-68F86FD25805}</UniqueIdentifier>
    </Filter>
    <Filter Include="Poly\Rendering\Core\API">
      <UniqueIdentifier>{F75EF640-6396-3ED8-6CA0-A2FBD85665D1}</UniqueIdentifier>
    </Filter>
    <Filter Include="Poly\Resources">
      <UniqueIdentifier>{1351CB8D-FF1E-BF93-E8B2-2FBAD41F9BF8}</UniqueIdentifier>
    </Filter>
  </ItemGroup>
  <ItemGroup>
    <ClInclude Include="src\Platform\Common\IPlatformRenderer.h">
      <Filter>Platform\Common</Filter>
    </ClInclude>
    <ClInclude Include="src\Platform\Common\IRenderer.h">
      <Filter>Platform\Common</Filter>
    </ClInclude>
    <ClInclude Include="src\Platform\Vulkan\PVKBuffer.h">
      <Filter>Platform\Vulkan</Filter>
    </ClInclude>
    <ClInclude Include="src\Platform\Vulkan\PVKCommandBuffer.h">
      <Filter>Platform\Vulkan</Filter>
    </ClInclude>
    <ClInclude Include="src\Platform\Vulkan\PVKCommandPool.h">
      <Filter>Platform\Vulkan</Filter>
    </ClInclude>
    <ClInclude Include="src\Platform\Vulkan\PVKDescriptor.h">
      <Filter>Platform\Vulkan</Filter>
    </ClInclude>
    <ClInclude Include="src\Platform\Vulkan\PVKFramebuffer.h">
      <Filter>Platform\Vulkan</Filter>
    </ClInclude>
    <ClInclude Include="src\Platform\Vulkan\PVKImage.h">
      <Filter>Platform\Vulkan</Filter>
    </ClInclude>
    <ClInclude Include="src\Platform\Vulkan\PVKImageView.h">
      <Filter>Platform\Vulkan</Filter>
    </ClInclude>
    <ClInclude Include="src\Platform\Vulkan\PVKInstance.h">
      <Filter>Platform\Vulkan</Filter>
    </ClInclude>
    <ClInclude Include="src\Platform\Vulkan\PVKMemory.h">
      <Filter>Platform\Vulkan</Filter>
    </ClInclude>
    <ClInclude Include="src\Platform\Vulkan\PVKPipeline.h">
      <Filter>Platform\Vulkan</Filter>
    </ClInclude>
    <ClInclude Include="src\Platform\Vulkan\PVKQueue.h">
      <Filter>Platform\Vulkan</Filter>
    </ClInclude>
    <ClInclude Include="src\Platform\Vulkan\PVKRenderPass.h">
      <Filter>Platform\Vulkan</Filter>
    </ClInclude>
    <ClInclude Include="src\Platform\Vulkan\PVKSampler.h">
      <Filter>Platform\Vulkan</Filter>
    </ClInclude>
    <ClInclude Include="src\Platform\Vulkan\PVKShader.h">
      <Filter>Platform\Vulkan</Filter>
    </ClInclude>
    <ClInclude Include="src\Platform\Vulkan\PVKSwapChain.h">
      <Filter>Platform\Vulkan</Filter>
    </ClInclude>
    <ClInclude Include="src\Platform\Vulkan\PVKTexture.h">
      <Filter>Platform\Vulkan</Filter>
    </ClInclude>
    <ClInclude Include="src\Platform\Vulkan\PVKTypes.h">
      <Filter>Platform\Vulkan</Filter>
    </ClInclude>
    <ClInclude Include="src\Platform\Vulkan\Renderers\TestRenderer.h">
      <Filter>Platform\Vulkan\Renderers</Filter>
    </ClInclude>
    <ClInclude Include="src\Platform\Vulkan\VmaInclude.h">
      <Filter>Platform\Vulkan</Filter>
    </ClInclude>
    <ClInclude Include="src\Platform\Vulkan\VulkanCommon.h">
      <Filter>Platform\Vulkan</Filter>
    </ClInclude>
    <ClInclude Include="src\Platform\Vulkan\VulkanRenderer.h">
      <Filter>Platform\Vulkan</Filter>
    </ClInclude>
    <ClInclude Include="src\Poly.h" />
    <ClInclude Include="src\Poly\Core\Application.h">
      <Filter>Poly\Core</Filter>
    </ClInclude>
    <ClInclude Include="src\Poly\Core\Camera.h">
      <Filter>Poly\Core</Filter>
    </ClInclude>
    <ClInclude Include="src\Poly\Core\Core.h">
      <Filter>Poly\Core</Filter>
    </ClInclude>
    <ClInclude Include="src\Poly\Core\Engine.h">
      <Filter>Poly\Core</Filter>
    </ClInclude>
    <ClInclude Include="src\Poly\Core\EntryPoint.h">
      <Filter>Poly\Core</Filter>
    </ClInclude>
    <ClInclude Include="src\Poly\Core\Input.h">
      <Filter>Poly\Core</Filter>
    </ClInclude>
    <ClInclude Include="src\Poly\Core\Layer.h">
      <Filter>Poly\Core</Filter>
    </ClInclude>
    <ClInclude Include="src\Poly\Core\LayerStack.h">
      <Filter>Poly\Core</Filter>
    </ClInclude>
    <ClInclude Include="src\Poly\Core\Logger.h">
      <Filter>Poly\Core</Filter>
    </ClInclude>
    <ClInclude Include="src\Poly\Core\PolyUtils.h">
      <Filter>Poly\Core</Filter>
    </ClInclude>
    <ClInclude Include="src\Poly\Core\RendererAPI.h">
      <Filter>Poly\Core</Filter>
    </ClInclude>
    <ClInclude Include="src\Poly\Core\Timestamp.h">
      <Filter>Poly\Core</Filter>
    </ClInclude>
    <ClInclude Include="src\Poly\Core\Window.h">
      <Filter>Poly\Core</Filter>
    </ClInclude>
    <ClInclude Include="src\Poly\Events\Event.h">
      <Filter>Poly\Events</Filter>
    </ClInclude>
    <ClInclude Include="src\Poly\Events\EventBus.h">
      <Filter>Poly\Events</Filter>
    </ClInclude>
    <ClInclude Include="src\Poly\Events\MemberFunctionHandler.h">
      <Filter>Poly\Events</Filter>
    </ClInclude>
    <ClInclude Include="src\Poly\Rendering\Core\API\GraphicsTypes.h">
      <Filter>Poly\Rendering\Core\API</Filter>
    </ClInclude>
    <ClInclude Include="src\Poly\Rendering\Sampler.h">
      <Filter>Poly\Rendering</Filter>
    </ClInclude>
    <ClInclude Include="src\Poly\Rendering\Texture.h">
      <Filter>Poly\Rendering</Filter>
    </ClInclude>
    <ClInclude Include="src\Poly\Resources\GLSLang.h">
      <Filter>Poly\Resources</Filter>
    </ClInclude>
    <ClInclude Include="src\Poly\Resources\ResourceLoader.h">
      <Filter>Poly\Resources</Filter>
    </ClInclude>
    <ClInclude Include="src\Poly\Resources\ShaderCompiler.h">
      <Filter>Poly\Resources</Filter>
    </ClInclude>
    <ClInclude Include="src\polypch.h" />
  </ItemGroup>
  <ItemGroup>
    <ClCompile Include="src\Platform\Vulkan\PVKBuffer.cpp">
      <Filter>Platform\Vulkan</Filter>
    </ClCompile>
    <ClCompile Include="src\Platform\Vulkan\PVKCommandBuffer.cpp">
      <Filter>Platform\Vulkan</Filter>
    </ClCompile>
    <ClCompile Include="src\Platform\Vulkan\PVKCommandPool.cpp">
      <Filter>Platform\Vulkan</Filter>
    </ClCompile>
    <ClCompile Include="src\Platform\Vulkan\PVKDescriptor.cpp">
      <Filter>Platform\Vulkan</Filter>
    </ClCompile>
    <ClCompile Include="src\Platform\Vulkan\PVKFramebuffer.cpp">
      <Filter>Platform\Vulkan</Filter>
    </ClCompile>
    <ClCompile Include="src\Platform\Vulkan\PVKImage.cpp">
      <Filter>Platform\Vulkan</Filter>
    </ClCompile>
    <ClCompile Include="src\Platform\Vulkan\PVKImageView.cpp">
      <Filter>Platform\Vulkan</Filter>
    </ClCompile>
    <ClCompile Include="src\Platform\Vulkan\PVKInstance.cpp">
      <Filter>Platform\Vulkan</Filter>
    </ClCompile>
    <ClCompile Include="src\Platform\Vulkan\PVKMemory.cpp">
      <Filter>Platform\Vulkan</Filter>
    </ClCompile>
    <ClCompile Include="src\Platform\Vulkan\PVKPipeline.cpp">
      <Filter>Platform\Vulkan</Filter>
    </ClCompile>
    <ClCompile Include="src\Platform\Vulkan\PVKRenderPass.cpp">
      <Filter>Platform\Vulkan</Filter>
    </ClCompile>
    <ClCompile Include="src\Platform\Vulkan\PVKSampler.cpp">
      <Filter>Platform\Vulkan</Filter>
    </ClCompile>
    <ClCompile Include="src\Platform\Vulkan\PVKShader.cpp">
      <Filter>Platform\Vulkan</Filter>
    </ClCompile>
    <ClCompile Include="src\Platform\Vulkan\PVKSwapChain.cpp">
      <Filter>Platform\Vulkan</Filter>
    </ClCompile>
    <ClCompile Include="src\Platform\Vulkan\PVKTexture.cpp">
      <Filter>Platform\Vulkan</Filter>
    </ClCompile>
    <ClCompile Include="src\Platform\Vulkan\Renderers\TestRenderer.cpp">
      <Filter>Platform\Vulkan\Renderers</Filter>
    </ClCompile>
    <ClCompile Include="src\Platform\Vulkan\VmaInclude.cpp">
      <Filter>Platform\Vulkan</Filter>
    </ClCompile>
    <ClCompile Include="src\Platform\Vulkan\VulkanRenderer.cpp">
      <Filter>Platform\Vulkan</Filter>
    </ClCompile>
    <ClCompile Include="src\Poly\Core\Application.cpp">
      <Filter>Poly\Core</Filter>
    </ClCompile>
    <ClCompile Include="src\Poly\Core\Camera.cpp">
      <Filter>Poly\Core</Filter>
    </ClCompile>
    <ClCompile Include="src\Poly\Core\Engine.cpp">
      <Filter>Poly\Core</Filter>
    </ClCompile>
    <ClCompile Include="src\Poly\Core\Input.cpp">
      <Filter>Poly\Core</Filter>
    </ClCompile>
    <ClCompile Include="src\Poly\Core\LayerStack.cpp">
      <Filter>Poly\Core</Filter>
    </ClCompile>
    <ClCompile Include="src\Poly\Core\Logger.cpp">
      <Filter>Poly\Core</Filter>
    </ClCompile>
    <ClCompile Include="src\Poly\Core\RendererAPI.cpp">
      <Filter>Poly\Core</Filter>
    </ClCompile>
    <ClCompile Include="src\Poly\Core\Window.cpp">
      <Filter>Poly\Core</Filter>
    </ClCompile>
    <ClCompile Include="src\Poly\Rendering\Sampler.cpp">
      <Filter>Poly\Rendering</Filter>
    </ClCompile>
    <ClCompile Include="src\Poly\Rendering\Texture.cpp">
      <Filter>Poly\Rendering</Filter>
    </ClCompile>
    <ClCompile Include="src\Poly\Resources\ResourceLoader.cpp">
      <Filter>Poly\Resources</Filter>
    </ClCompile>
    <ClCompile Include="src\Poly\Resources\ShaderCompiler.cpp">
      <Filter>Poly\Resources</Filter>
    </ClCompile>
    <ClCompile Include="src\polypch.cpp" />
  </ItemGroup>
</Project>