<?xml version="1.0" encoding="utf-8"?>
<Project ToolsVersion="4.0" xmlns="http://schemas.microsoft.com/developer/msbuild/2003">
  <ItemGroup>
    <Filter Include="Poly">
      <UniqueIdentifier>{69D48A7C-550B-8C0D-FEF7-7110EA0D080F}</UniqueIdentifier>
    </Filter>
    <Filter Include="Poly\Core">
      <UniqueIdentifier>{6122D660-CD8C-8AD7-16CB-3B7D8274682C}</UniqueIdentifier>
    </Filter>
    <Filter Include="Poly\Events">
      <UniqueIdentifier>{2D500AF4-9905-83E9-22FA-7CC08EAE79ED}</UniqueIdentifier>
    </Filter>
  </ItemGroup>
  <ItemGroup>
    <ClInclude Include="src\Poly.h" />
    <ClInclude Include="src\Poly\Core\Application.h">
      <Filter>Poly\Core</Filter>
    </ClInclude>
    <ClInclude Include="src\Poly\Core\EntryPoint.h">
      <Filter>Poly\Core</Filter>
    </ClInclude>
    <ClInclude Include="src\Poly\Core\Layer.h">
      <Filter>Poly\Core</Filter>
    </ClInclude>
    <ClInclude Include="src\Poly\Core\LayerStack.h">
      <Filter>Poly\Core</Filter>
    </ClInclude>
    <ClInclude Include="src\Poly\Core\Logger.h">
      <Filter>Poly\Core</Filter>
    </ClInclude>
    <ClInclude Include="src\Poly\Core\Window.h">
      <Filter>Poly\Core</Filter>
    </ClInclude>
    <ClInclude Include="src\Poly\Events\Event.h">
      <Filter>Poly\Events</Filter>
    </ClInclude>
    <ClInclude Include="src\Poly\Events\EventBus.h">
      <Filter>Poly\Events</Filter>
    </ClInclude>
    <ClInclude Include="src\Poly\Events\MemberFunctionHandler.h">
      <Filter>Poly\Events</Filter>
    </ClInclude>
    <ClInclude Include="src\polypch.h" />
    <ClInclude Include="src\Poly\Core\Renderer.h" />
    <ClInclude Include="src\Platform\Vulkan\VulkanRenderer.h" />
    <ClInclude Include="src\Platform\Vulkan\PVKInstance.h" />
    <ClInclude Include="src\Platform\Vulkan\PVKSwapChain.h" />
    <ClInclude Include="src\Platform\Vulkan\VulkanCommon.h" />
    <ClInclude Include="src\Platform\Vulkan\PVKPipeline.h" />
    <ClInclude Include="src\Platform\Vulkan\PVKRenderPass.h" />
    <ClInclude Include="src\Platform\Vulkan\PVKCommandPool.h" />
    <ClInclude Include="src\Poly\Core\PolyUtils.h" />
    <ClInclude Include="src\Platform\Vulkan\PVKShader.h" />
    <ClInclude Include="src\Platform\Vulkan\PVKFramebuffer.h" />
  </ItemGroup>
  <ItemGroup>
    <ClCompile Include="src\Poly\Core\Application.cpp">
      <Filter>Poly\Core</Filter>
    </ClCompile>
    <ClCompile Include="src\Poly\Core\LayerStack.cpp">
      <Filter>Poly\Core</Filter>
    </ClCompile>
    <ClCompile Include="src\Poly\Core\Logger.cpp">
      <Filter>Poly\Core</Filter>
    </ClCompile>
    <ClCompile Include="src\Poly\Core\Window.cpp">
      <Filter>Poly\Core</Filter>
    </ClCompile>
    <ClCompile Include="src\polypch.cpp" />
    <ClCompile Include="src\Poly\Core\Renderer.cpp" />
    <ClCompile Include="src\Platform\Vulkan\VulkanRenderer.cpp" />
    <ClCompile Include="src\Platform\Vulkan\PVKInstance.cpp" />
    <ClCompile Include="src\Platform\Vulkan\PVKSwapChain.cpp" />
    <ClCompile Include="src\Platform\Vulkan\PVKPipeline.cpp" />
    <ClCompile Include="src\Platform\Vulkan\PVKRenderPass.cpp" />
    <ClCompile Include="src\Platform\Vulkan\PVKCommandPool.cpp" />
    <ClCompile Include="src\Platform\Vulkan\PVKShader.cpp" />
    <ClCompile Include="src\Platform\Vulkan\PVKFramebuffer.cpp" />
  </ItemGroup>
</Project>